PODS:
  - FacebookCore (0.7.0):
    - FBSDKCoreKit (~> 5.0)
  - FacebookLogin (0.7.0):
    - FacebookCore (~> 0.7)
    - FBSDKCoreKit (~> 5.0)
    - FBSDKLoginKit (~> 5.0)
  - FBSDKCoreKit (5.2.3):
    - FBSDKCoreKit/Basics (= 5.2.3)
    - FBSDKCoreKit/Core (= 5.2.3)
  - FBSDKCoreKit/Basics (5.2.3)
  - FBSDKCoreKit/Core (5.2.3):
    - FBSDKCoreKit/Basics
  - FBSDKLoginKit (5.2.3):
    - FBSDKCoreKit (~> 5.0)

DEPENDENCIES:
  - FacebookCore
  - FacebookLogin
  - FBSDKLoginKit

SPEC REPOS:
  https://github.com/cocoapods/specs.git:
    - FacebookCore
    - FacebookLogin
    - FBSDKCoreKit
    - FBSDKLoginKit

SPEC CHECKSUMS:
  FacebookCore: 4eee98476cb37a485af5d337eb21f8cd5b3c7e6c
  FacebookLogin: 94cdad6850e86a2b04704dedfe7674a7af8148eb
  FBSDKCoreKit: 5154c35d9058fd7dfa0445ba19e194c4b172fc32
  FBSDKLoginKit: dc98b6bf12334f1a42f28d0457fffc9aa3d1eca5

PODFILE CHECKSUM: c39989cde3bf6bf7fbf03f1920453eb26039445c

COCOAPODS: 1.5.3
